
Microsoft Visual Studio Solution File, Format Version 12.00
# Visual Studio Version 17
VisualStudioVersion = 17.9.34728.123
MinimumVisualStudioVersion = 10.0.40219.1
Project("{FAE04EC0-301F-11D3-BF4B-00C04F79EFBC}") = "LucasPropato.Prototipos.Ej04", "LucasPropato.Prototipos.Ej04.csproj", "{ECEBFEA3-391E-442F-9967-62D23A14020E}"
EndProject
Global
	GlobalSection(SolutionConfigurationPlatforms) = preSolution
		Debug|Any CPU = Debug|Any CPU
		Release|Any CPU = Release|Any CPU
	EndGlobalSection
	GlobalSection(ProjectConfigurationPlatforms) = postSolution
		{ECEBFEA3-391E-442F-9967-62D23A14020E}.Debug|Any CPU.ActiveCfg = Debug|Any CPU
		{ECEBFEA3-391E-442F-9967-62D23A14020E}.Debug|Any CPU.Build.0 = Debug|Any CPU
		{ECEBFEA3-391E-442F-9967-62D23A14020E}.Release|Any CPU.ActiveCfg = Release|Any CPU
		{ECEBFEA3-391E-442F-9967-62D23A14020E}.Release|Any CPU.Build.0 = Release|Any CPU
	EndGlobalSection
	GlobalSection(SolutionProperties) = preSolution
		HideSolutionNode = FALSE
	EndGlobalSection
	GlobalSection(ExtensibilityGlobals) = postSolution
		SolutionGuid = {1CDA9DC3-2241-43F7-B4A8-1C0E5977A9CA}
	EndGlobalSection
EndGlobal
